
Microsoft Visual Studio Solution File, Format Version 12.00
# Visual Studio Version 17
VisualStudioVersion = 17.5.33516.290
MinimumVisualStudioVersion = 10.0.40219.1
Project("{FAE04EC0-301F-11D3-BF4B-00C04F79EFBC}") = "DGEMM_CSharp_BigInteger", "DGEMM_CSharp_BigInteger.csproj", "{1E303616-AA49-4FA4-9660-60A1BBB7CE96}"
EndProject
Global
	GlobalSection(SolutionConfigurationPlatforms) = preSolution
		Debug|Any CPU = Debug|Any CPU
		Release|Any CPU = Release|Any CPU
	EndGlobalSection
	GlobalSection(ProjectConfigurationPlatforms) = postSolution
		{1E303616-AA49-4FA4-9660-60A1BBB7CE96}.Debug|Any CPU.ActiveCfg = Debug|Any CPU
		{1E303616-AA49-4FA4-9660-60A1BBB7CE96}.Debug|Any CPU.Build.0 = Debug|Any CPU
		{1E303616-AA49-4FA4-9660-60A1BBB7CE96}.Release|Any CPU.ActiveCfg = Release|Any CPU
		{1E303616-AA49-4FA4-9660-60A1BBB7CE96}.Release|Any CPU.Build.0 = Release|Any CPU
	EndGlobalSection
	GlobalSection(SolutionProperties) = preSolution
		HideSolutionNode = FALSE
	EndGlobalSection
	GlobalSection(ExtensibilityGlobals) = postSolution
		SolutionGuid = {31FF0DFC-EDFE-4FBD-B0DD-198FE29937F3}
	EndGlobalSection
EndGlobal
